
Microsoft Visual Studio Solution File, Format Version 12.00
# Visual Studio Version 17
VisualStudioVersion = 17.2.32602.215
MinimumVisualStudioVersion = 10.0.40219.1
Project("{FAE04EC0-301F-11D3-BF4B-00C04F79EFBC}") = "ArrayTask1", "ArrayTask1\ArrayTask1.csproj", "{FDA97F30-FDB5-4975-A069-0800B09C9220}"
EndProject
Global
	GlobalSection(SolutionConfigurationPlatforms) = preSolution
		Debug|Any CPU = Debug|Any CPU
		Release|Any CPU = Release|Any CPU
	EndGlobalSection
	GlobalSection(ProjectConfigurationPlatforms) = postSolution
		{FDA97F30-FDB5-4975-A069-0800B09C9220}.Debug|Any CPU.ActiveCfg = Debug|Any CPU
		{FDA97F30-FDB5-4975-A069-0800B09C9220}.Debug|Any CPU.Build.0 = Debug|Any CPU
		{FDA97F30-FDB5-4975-A069-0800B09C9220}.Release|Any CPU.ActiveCfg = Release|Any CPU
		{FDA97F30-FDB5-4975-A069-0800B09C9220}.Release|Any CPU.Build.0 = Release|Any CPU
	EndGlobalSection
	GlobalSection(SolutionProperties) = preSolution
		HideSolutionNode = FALSE
	EndGlobalSection
	GlobalSection(ExtensibilityGlobals) = postSolution
		SolutionGuid = {948F9FBD-4EA2-416E-99DB-69CAAA451675}
	EndGlobalSection
EndGlobal
